
Microsoft Visual Studio Solution File, Format Version 12.00
# Visual Studio Version 17
VisualStudioVersion = 17.5.33414.496
MinimumVisualStudioVersion = 10.0.40219.1
Project("{FAE04EC0-301F-11D3-BF4B-00C04F79EFBC}") = "NguyenHaiLong_2011068860", "NguyenHaiLong_2011068860\NguyenHaiLong_2011068860.csproj", "{42A0EFB1-7251-4737-A7C4-1DFD1C0936DB}"
EndProject
Global
	GlobalSection(SolutionConfigurationPlatforms) = preSolution
		Debug|Any CPU = Debug|Any CPU
		Release|Any CPU = Release|Any CPU
	EndGlobalSection
	GlobalSection(ProjectConfigurationPlatforms) = postSolution
		{42A0EFB1-7251-4737-A7C4-1DFD1C0936DB}.Debug|Any CPU.ActiveCfg = Debug|Any CPU
		{42A0EFB1-7251-4737-A7C4-1DFD1C0936DB}.Debug|Any CPU.Build.0 = Debug|Any CPU
		{42A0EFB1-7251-4737-A7C4-1DFD1C0936DB}.Release|Any CPU.ActiveCfg = Release|Any CPU
		{42A0EFB1-7251-4737-A7C4-1DFD1C0936DB}.Release|Any CPU.Build.0 = Release|Any CPU
	EndGlobalSection
	GlobalSection(SolutionProperties) = preSolution
		HideSolutionNode = FALSE
	EndGlobalSection
	GlobalSection(ExtensibilityGlobals) = postSolution
		SolutionGuid = {B49DFE1C-55BE-4A73-934A-B03283CA6778}
	EndGlobalSection
EndGlobal
